
Microsoft Visual Studio Solution File, Format Version 12.00
# Visual Studio Version 17
VisualStudioVersion = 17.14.36202.13
MinimumVisualStudioVersion = 10.0.40219.1
Project("{FAE04EC0-301F-11D3-BF4B-00C04F79EFBC}") = "WindowsFormsApp1", "WindowsFormsApp1\WindowsFormsApp1.csproj", "{570CC762-012C-4581-A443-BE05C9492765}"
EndProject
Global
	GlobalSection(SolutionConfigurationPlatforms) = preSolution
		Debug|Any CPU = Debug|Any CPU
		Release|Any CPU = Release|Any CPU
	EndGlobalSection
	GlobalSection(ProjectConfigurationPlatforms) = postSolution
		{570CC762-012C-4581-A443-BE05C9492765}.Debug|Any CPU.ActiveCfg = Debug|Any CPU
		{570CC762-012C-4581-A443-BE05C9492765}.Debug|Any CPU.Build.0 = Debug|Any CPU
		{570CC762-012C-4581-A443-BE05C9492765}.Release|Any CPU.ActiveCfg = Release|Any CPU
		{570CC762-012C-4581-A443-BE05C9492765}.Release|Any CPU.Build.0 = Release|Any CPU
	EndGlobalSection
	GlobalSection(SolutionProperties) = preSolution
		HideSolutionNode = FALSE
	EndGlobalSection
	GlobalSection(ExtensibilityGlobals) = postSolution
		SolutionGuid = {05A0499C-521D-4B3C-A878-32565CBBA966}
	EndGlobalSection
EndGlobal
